
Microsoft Visual Studio Solution File, Format Version 12.00
# Visual Studio 15
VisualStudioVersion = 15.0.26730.16
MinimumVisualStudioVersion = 10.0.40219.1
Project("{8BC9CEB8-8B4A-11D0-8D11-00A0C91BC942}") = "QuickSort", "QuickSort\QuickSort.vcxproj", "{B7917503-3864-405C-AABE-ECE29F571CE7}"
EndProject
Project("{FAE04EC0-301F-11D3-BF4B-00C04F79EFBC}") = "Test", "Test\Test.csproj", "{3152945A-EAC2-4511-B898-992B36A1E4B7}"
	ProjectSection(ProjectDependencies) = postProject
		{B7917503-3864-405C-AABE-ECE29F571CE7} = {B7917503-3864-405C-AABE-ECE29F571CE7}
	EndProjectSection
EndProject
Global
	GlobalSection(SolutionConfigurationPlatforms) = preSolution
		Debug|Any CPU = Debug|Any CPU
		Debug|x64 = Debug|x64
		Debug|x86 = Debug|x86
		Release|Any CPU = Release|Any CPU
		Release|x64 = Release|x64
		Release|x86 = Release|x86
	EndGlobalSection
	GlobalSection(ProjectConfigurationPlatforms) = postSolution
		{B7917503-3864-405C-AABE-ECE29F571CE7}.Debug|Any CPU.ActiveCfg = Debug|Win32
		{B7917503-3864-405C-AABE-ECE29F571CE7}.Debug|x64.ActiveCfg = Debug|x64
		{B7917503-3864-405C-AABE-ECE29F571CE7}.Debug|x64.Build.0 = Debug|x64
		{B7917503-3864-405C-AABE-ECE29F571CE7}.Debug|x86.ActiveCfg = Debug|Win32
		{B7917503-3864-405C-AABE-ECE29F571CE7}.Debug|x86.Build.0 = Debug|Win32
		{B7917503-3864-405C-AABE-ECE29F571CE7}.Release|Any CPU.ActiveCfg = Release|Win32
		{B7917503-3864-405C-AABE-ECE29F571CE7}.Release|x64.ActiveCfg = Release|x64
		{B7917503-3864-405C-AABE-ECE29F571CE7}.Release|x64.Build.0 = Release|x64
		{B7917503-3864-405C-AABE-ECE29F571CE7}.Release|x86.ActiveCfg = Release|Win32
		{B7917503-3864-405C-AABE-ECE29F571CE7}.Release|x86.Build.0 = Release|Win32
		{3152945A-EAC2-4511-B898-992B36A1E4B7}.Debug|Any CPU.ActiveCfg = Debug|Any CPU
		{3152945A-EAC2-4511-B898-992B36A1E4B7}.Debug|Any CPU.Build.0 = Debug|Any CPU
		{3152945A-EAC2-4511-B898-992B36A1E4B7}.Debug|x64.ActiveCfg = Debug|Any CPU
		{3152945A-EAC2-4511-B898-992B36A1E4B7}.Debug|x64.Build.0 = Debug|Any CPU
		{3152945A-EAC2-4511-B898-992B36A1E4B7}.Debug|x86.ActiveCfg = Debug|Any CPU
		{3152945A-EAC2-4511-B898-992B36A1E4B7}.Debug|x86.Build.0 = Debug|Any CPU
		{3152945A-EAC2-4511-B898-992B36A1E4B7}.Release|Any CPU.ActiveCfg = Release|Any CPU
		{3152945A-EAC2-4511-B898-992B36A1E4B7}.Release|Any CPU.Build.0 = Release|Any CPU
		{3152945A-EAC2-4511-B898-992B36A1E4B7}.Release|x64.ActiveCfg = Release|Any CPU
		{3152945A-EAC2-4511-B898-992B36A1E4B7}.Release|x64.Build.0 = Release|Any CPU
		{3152945A-EAC2-4511-B898-992B36A1E4B7}.Release|x86.ActiveCfg = Release|Any CPU
		{3152945A-EAC2-4511-B898-992B36A1E4B7}.Release|x86.Build.0 = Release|Any CPU
	EndGlobalSection
	GlobalSection(SolutionProperties) = preSolution
		HideSolutionNode = FALSE
	EndGlobalSection
	GlobalSection(ExtensibilityGlobals) = postSolution
		SolutionGuid = {A75A4FF2-467F-4930-B6CA-5C0CDB0D401B}
	EndGlobalSection
EndGlobal
